# -------------------------------------------------------------------------- #
#
# Copyright (C) 1991-2014 Altera Corporation. All rights reserved.
# Your use of Altera Corporation's design tools, logic functions 
# and other software and tools, and its AMPP partner logic 
# functions, and any output files from any of the foregoing 
# (including device programming or simulation files), and any 
# associated documentation or information are expressly subject 
# to the terms and conditions of the Altera Program License 
# Subscription Agreement, the Altera Quartus II License Agreement,
# the Altera MegaCore Function License Agreement, or other 
# applicable license agreement, including, without limitation, 
# that your use is for the sole purpose of programming logic 
# devices manufactured by Altera and sold by Altera or its 
# authorized distributors.  Please refer to the applicable 
# agreement for further details.
#
# -------------------------------------------------------------------------- #
#
# Quartus II 64-Bit
# Version 14.0.2 Build 209 09/17/2014 SJ Web Edition
# Date created = 18-May-2015 7:16:08 PM
#
# -------------------------------------------------------------------------- #
#
# Notes:
#
# 1) The default values for assignments are stored in the file:
#		practica4_assignment_defaults.qdf
#    If this file doesn't exist, see file:
#		assignment_defaults.qdf
#
# 2) Altera recommends that you do not modify this file. This
#    file is updated automatically by the Quartus II software
#    and any changes you make may be lost or overwritten.
#
# -------------------------------------------------------------------------- #


set_global_assignment -name FAMILY "MAX 10"
set_global_assignment -name DEVICE 10M08DAF484C8GES
set_global_assignment -name TOP_LEVEL_ENTITY practica4
set_global_assignment -name ORIGINAL_QUARTUS_VERSION 14.0
set_global_assignment -name PROJECT_CREATION_TIME_DATE "18-MAY-2015 7:16:08 PM"
set_global_assignment -name LAST_QUARTUS_VERSION 14.1.0
set_global_assignment -name PROJECT_OUTPUT_DIRECTORY output_files
set_global_assignment -name MIN_CORE_JUNCTION_TEMP 0
set_global_assignment -name MAX_CORE_JUNCTION_TEMP 85
set_global_assignment -name DEVICE_FILTER_PACKAGE FBGA
set_global_assignment -name DEVICE_FILTER_PIN_COUNT 484
set_global_assignment -name DEVICE_FILTER_SPEED_GRADE 8
set_global_assignment -name ERROR_CHECK_FREQUENCY_DIVISOR 2
set_global_assignment -name PARTITION_NETLIST_TYPE SOURCE -section_id Top
set_global_assignment -name PARTITION_FITTER_PRESERVATION_LEVEL PLACEMENT_AND_ROUTING -section_id Top
set_global_assignment -name PARTITION_COLOR 16764057 -section_id Top

#CLOCKS
set_location_assignment PIN_N14 -to CLK_50 -tag platfrom
set_location_assignment PIN_N15 -to USER_CLK -tag platfrom
set_instance_assignment -name IO_STANDARD "3.3-V LVTTL" -to CLK_50 -tag platfrom
set_instance_assignment -name IO_STANDARD "3.3-V LVTTL" -to USER_CLK -tag platfrom


#LED
set_instance_assignment -name IO_STANDARD "3.3-V LVTTL" -to LED[7] -tag platfrom
set_instance_assignment -name IO_STANDARD "3.3-V LVTTL" -to LED[6] -tag platfrom
set_instance_assignment -name IO_STANDARD "3.3-V LVTTL" -to LED[5] -tag platfrom
set_instance_assignment -name IO_STANDARD "3.3-V LVTTL" -to LED[4] -tag platfrom
set_instance_assignment -name IO_STANDARD "3.3-V LVTTL" -to LED[3] -tag platfrom
set_instance_assignment -name IO_STANDARD "3.3-V LVTTL" -to LED[2] -tag platfrom
set_instance_assignment -name IO_STANDARD "3.3-V LVTTL" -to LED[1] -tag platfrom
set_instance_assignment -name IO_STANDARD "3.3-V LVTTL" -to LED[0] -tag platfrom
set_location_assignment PIN_M2 -to LED[0] -tag platfrom
set_location_assignment PIN_N1 -to LED[1] -tag platfrom
set_location_assignment PIN_R2 -to LED[2] -tag platfrom
set_location_assignment PIN_T1 -to LED[3] -tag platfrom
set_location_assignment PIN_V4 -to LED[4] -tag platfrom
set_location_assignment PIN_T6 -to LED[5] -tag platfrom
set_location_assignment PIN_AB4 -to LED[6] -tag platfrom
set_location_assignment PIN_AA5 -to LED[7] -tag platfrom

#SW
set_instance_assignment -name IO_STANDARD "3.3-V LVTTL" -to SW[3] -tag platfrom
set_instance_assignment -name IO_STANDARD "3.3-V LVTTL" -to SW[2] -tag platfrom
set_instance_assignment -name IO_STANDARD "3.3-V LVTTL" -to SW[1] -tag platfrom
set_instance_assignment -name IO_STANDARD "3.3-V LVTTL" -to SW[0] -tag platfrom
set_location_assignment PIN_M1 -to SW[0]
set_location_assignment PIN_R1 -to SW[1]
set_location_assignment PIN_V5 -to SW[2]
set_location_assignment PIN_AB5 -to SW[3]

#FLASH
set_instance_assignment -name IO_STANDARD "3.3-V LVTTL" -to SFLASH_DCLK -tag platfrom
set_instance_assignment -name IO_STANDARD "3.3-V LVTTL" -to SFLASH_CSn -tag platfrom
set_instance_assignment -name IO_STANDARD "3.3-V LVTTL" -to SFLASH_DATA -tag platfrom
set_instance_assignment -name IO_STANDARD "3.3-V LVTTL" -to SFLASH_ASDI -tag platfrom
set_location_assignment PIN_P11 -to SFLASH_DCLK -tag platfrom
set_location_assignment PIN_R11 -to SFLASH_ASDI -tag platfrom
set_location_assignment PIN_R10 -to SFLASH_CSn -tag platfrom
set_location_assignment PIN_P10 -to SFLASH_DATA -tag platfrom

#SDRAM
set_location_assignment PIN_T20 -to SDRAM_A[0] -tag platfrom
set_location_assignment PIN_T19 -to SDRAM_A[1] -tag platfrom
set_location_assignment PIN_T18 -to SDRAM_A[2] -tag platfrom
set_location_assignment PIN_AA21 -to SDRAM_A[3] -tag platfrom
set_location_assignment PIN_AA22 -to SDRAM_A[4] -tag platfrom
set_location_assignment PIN_U22 -to SDRAM_A[5] -tag platfrom
set_location_assignment PIN_T22 -to SDRAM_A[6] -tag platfrom
set_location_assignment PIN_R22 -to SDRAM_A[7] -tag platfrom
set_location_assignment PIN_P20 -to SDRAM_A[8] -tag platfrom
set_location_assignment PIN_P22 -to SDRAM_A[9] -tag platfrom
set_location_assignment PIN_U21 -to SDRAM_A[10] -tag platfrom
set_location_assignment PIN_P19 -to SDRAM_A[11] -tag platfrom
set_location_assignment PIN_N20 -to SDRAM_A[12] -tag platfrom
set_location_assignment PIN_R20 -to SDRAM_BA[0] -tag platfrom
set_location_assignment PIN_T21 -to SDRAM_BA[1] -tag platfrom
set_location_assignment PIN_N21 -to SDRAM_CASn -tag platfrom
set_location_assignment PIN_N22 -to SDRAM_CKE -tag platfrom
set_location_assignment PIN_M22 -to SDRAM_CLK -tag platfrom
set_location_assignment PIN_P21 -to SDRAM_CSn -tag platfrom
set_location_assignment PIN_C22 -to SDRAM_DQ[0] -tag platfrom
set_location_assignment PIN_D22 -to SDRAM_DQ[1] -tag platfrom
set_location_assignment PIN_E22 -to SDRAM_DQ[2] -tag platfrom
set_location_assignment PIN_F22 -to SDRAM_DQ[3] -tag platfrom
set_location_assignment PIN_G22 -to SDRAM_DQ[4] -tag platfrom
set_location_assignment PIN_H22 -to SDRAM_DQ[5] -tag platfrom
set_location_assignment PIN_J22 -to SDRAM_DQ[6] -tag platfrom
set_location_assignment PIN_K22 -to SDRAM_DQ[7] -tag platfrom
set_location_assignment PIN_K21 -to SDRAM_DQ[8] -tag platfrom
set_location_assignment PIN_J21 -to SDRAM_DQ[9] -tag platfrom
set_location_assignment PIN_H21 -to SDRAM_DQ[10] -tag platfrom
set_location_assignment PIN_G20 -to SDRAM_DQ[11] -tag platfrom
set_location_assignment PIN_F21 -to SDRAM_DQ[12] -tag platfrom
set_location_assignment PIN_E21 -to SDRAM_DQ[13] -tag platfrom
set_location_assignment PIN_D21 -to SDRAM_DQ[14] -tag platfrom
set_location_assignment PIN_C21 -to SDRAM_DQ[15] -tag platfrom
set_location_assignment PIN_M20 -to SDRAM_RASn -tag platfrom
set_location_assignment PIN_M21 -to SDRAM_WEn -tag platfrom
set_location_assignment PIN_L20 -to SDRAM_DQM[0] -tag platfrom
set_location_assignment PIN_L22 -to SDRAM_DQM[1] -tag platfrom
set_instance_assignment -name IO_STANDARD "3.3-V LVTTL" -to SDRAM_A[12] -tag platfrom
set_instance_assignment -name IO_STANDARD "3.3-V LVTTL" -to SDRAM_A[11] -tag platfrom
set_instance_assignment -name IO_STANDARD "3.3-V LVTTL" -to SDRAM_A[10] -tag platfrom
set_instance_assignment -name IO_STANDARD "3.3-V LVTTL" -to SDRAM_A[9] -tag platfrom
set_instance_assignment -name IO_STANDARD "3.3-V LVTTL" -to SDRAM_A[8] -tag platfrom
set_instance_assignment -name IO_STANDARD "3.3-V LVTTL" -to SDRAM_A[7] -tag platfrom
set_instance_assignment -name IO_STANDARD "3.3-V LVTTL" -to SDRAM_A[6] -tag platfrom
set_instance_assignment -name IO_STANDARD "3.3-V LVTTL" -to SDRAM_A[5] -tag platfrom
set_instance_assignment -name IO_STANDARD "3.3-V LVTTL" -to SDRAM_A[4] -tag platfrom
set_instance_assignment -name IO_STANDARD "3.3-V LVTTL" -to SDRAM_A[3] -tag platfrom
set_instance_assignment -name IO_STANDARD "3.3-V LVTTL" -to SDRAM_A[2] -tag platfrom
set_instance_assignment -name IO_STANDARD "3.3-V LVTTL" -to SDRAM_A[1] -tag platfrom
set_instance_assignment -name IO_STANDARD "3.3-V LVTTL" -to SDRAM_A[0] -tag platfrom
set_instance_assignment -name IO_STANDARD "3.3-V LVTTL" -to SDRAM_BA[1] -tag platfrom
set_instance_assignment -name IO_STANDARD "3.3-V LVTTL" -to SDRAM_BA[0] -tag platfrom
set_instance_assignment -name IO_STANDARD "3.3-V LVTTL" -to SDRAM_CASn -tag platfrom
set_instance_assignment -name IO_STANDARD "3.3-V LVTTL" -to SDRAM_RASn -tag platfrom
set_instance_assignment -name IO_STANDARD "3.3-V LVTTL" -to SDRAM_CKE -tag platfrom
set_instance_assignment -name IO_STANDARD "3.3-V LVTTL" -to SDRAM_CLK -tag platfrom
set_instance_assignment -name IO_STANDARD "3.3-V LVTTL" -to SDRAM_CSn -tag platfrom
set_instance_assignment -name IO_STANDARD "3.3-V LVTTL" -to SDRAM_WEn -tag platfrom
set_instance_assignment -name IO_STANDARD "3.3-V LVTTL" -to SDRAM_DQ[15] -tag platfrom
set_instance_assignment -name IO_STANDARD "3.3-V LVTTL" -to SDRAM_DQ[14] -tag platfrom
set_instance_assignment -name IO_STANDARD "3.3-V LVTTL" -to SDRAM_DQ[13] -tag platfrom
set_instance_assignment -name IO_STANDARD "3.3-V LVTTL" -to SDRAM_DQ[12] -tag platfrom
set_instance_assignment -name IO_STANDARD "3.3-V LVTTL" -to SDRAM_DQ[11] -tag platfrom
set_instance_assignment -name IO_STANDARD "3.3-V LVTTL" -to SDRAM_DQ[10] -tag platfrom
set_instance_assignment -name IO_STANDARD "3.3-V LVTTL" -to SDRAM_DQ[9] -tag platfrom
set_instance_assignment -name IO_STANDARD "3.3-V LVTTL" -to SDRAM_DQ[8] -tag platfrom
set_instance_assignment -name IO_STANDARD "3.3-V LVTTL" -to SDRAM_DQ[7] -tag platfrom
set_instance_assignment -name IO_STANDARD "3.3-V LVTTL" -to SDRAM_DQ[6] -tag platfrom
set_instance_assignment -name IO_STANDARD "3.3-V LVTTL" -to SDRAM_DQ[5] -tag platfrom
set_instance_assignment -name IO_STANDARD "3.3-V LVTTL" -to SDRAM_DQ[4] -tag platfrom
set_instance_assignment -name IO_STANDARD "3.3-V LVTTL" -to SDRAM_DQ[3] -tag platfrom
set_instance_assignment -name IO_STANDARD "3.3-V LVTTL" -to SDRAM_DQ[2] -tag platfrom
set_instance_assignment -name IO_STANDARD "3.3-V LVTTL" -to SDRAM_DQ[1] -tag platfrom
set_instance_assignment -name IO_STANDARD "3.3-V LVTTL" -to SDRAM_DQ[0] -tag platfrom
set_instance_assignment -name IO_STANDARD "3.3-V LVTTL" -to SDRAM_DQM[1] -tag platfrom
set_instance_assignment -name IO_STANDARD "3.3-V LVTTL" -to SDRAM_DQM[0] -tag platfrom

#PMOA
set_location_assignment PIN_C20 -to PMOD_A[0] -tag platfrom
set_location_assignment PIN_D19 -to PMOD_A[1] -tag platfrom
set_location_assignment PIN_D18 -to PMOD_A[2] -tag platfrom
set_location_assignment PIN_E18 -to PMOD_A[3] -tag platfrom
set_instance_assignment -name IO_STANDARD "3.3-V LVTTL" -to PMOD_A[0] -tag platfrom
set_instance_assignment -name IO_STANDARD "3.3-V LVTTL" -to PMOD_A[1] -tag platfrom
set_instance_assignment -name IO_STANDARD "3.3-V LVTTL" -to PMOD_A[2] -tag platfrom
set_instance_assignment -name IO_STANDARD "3.3-V LVTTL" -to PMOD_A[3] -tag platfrom

#PMOB
set_location_assignment PIN_E19 -to PMOD_B[0] -tag platfrom
set_location_assignment PIN_F18 -to PMOD_B[1] -tag platfrom
set_location_assignment PIN_F20 -to PMOD_B[2] -tag platfrom
set_location_assignment PIN_G19 -to PMOD_B[3] -tag platfrom
set_instance_assignment -name IO_STANDARD "3.3-V LVTTL" -to PMOD_B[0] -tag platfrom
set_instance_assignment -name IO_STANDARD "3.3-V LVTTL" -to PMOD_B[1] -tag platfrom
set_instance_assignment -name IO_STANDARD "3.3-V LVTTL" -to PMOD_B[2] -tag platfrom
set_instance_assignment -name IO_STANDARD "3.3-V LVTTL" -to PMOD_B[3] -tag platfrom

#PMOC
set_location_assignment PIN_U18 -to PMOD_C[0] -tag platfrom
set_location_assignment PIN_U17 -to PMOD_C[1] -tag platfrom
set_location_assignment PIN_R18 -to PMOD_C[2] -tag platfrom
set_location_assignment PIN_P18 -to PMOD_C[3] -tag platfrom
set_instance_assignment -name IO_STANDARD "3.3-V LVTTL" -to PMOD_C[0] -tag platfrom
set_instance_assignment -name IO_STANDARD "3.3-V LVTTL" -to PMOD_C[1] -tag platfrom
set_instance_assignment -name IO_STANDARD "3.3-V LVTTL" -to PMOD_C[2] -tag platfrom
set_instance_assignment -name IO_STANDARD "3.3-V LVTTL" -to PMOD_C[3] -tag platfrom

#PMOD
set_location_assignment PIN_R14 -to PMOD_D[0] -tag platfrom
set_location_assignment PIN_R15 -to PMOD_D[1] -tag platfrom
set_location_assignment PIN_P15 -to PMOD_D[2] -tag platfrom
set_location_assignment PIN_P14 -to PMOD_D[3] -tag platfrom
set_instance_assignment -name IO_STANDARD "3.3-V LVTTL" -to PMOD_D[0] -tag platfrom
set_instance_assignment -name IO_STANDARD "3.3-V LVTTL" -to PMOD_D[1] -tag platfrom
set_instance_assignment -name IO_STANDARD "3.3-V LVTTL" -to PMOD_D[2] -tag platfrom
set_instance_assignment -name IO_STANDARD "3.3-V LVTTL" -to PMOD_D[3] -tag platfrom

#DIFF/GPIO_0/J3
set_location_assignment PIN_B2 -to GPIO_0[0] -tag platfrom
set_location_assignment PIN_B1 -to GPIO_0[1] -tag platfrom
set_location_assignment PIN_C3 -to GPIO_0[2] -tag platfrom
set_location_assignment PIN_A2 -to GPIO_0[3] -tag platfrom
set_location_assignment PIN_B3 -to GPIO_0[4] -tag platfrom
set_location_assignment PIN_A3 -to GPIO_0[5] -tag platfrom
set_location_assignment PIN_B4 -to GPIO_0[6] -tag platfrom
set_location_assignment PIN_A4 -to GPIO_0[7] -tag platfrom
set_location_assignment PIN_B5 -to GPIO_0[8] -tag platfrom
set_location_assignment PIN_A5 -to GPIO_0[9] -tag platfrom
set_location_assignment PIN_B7 -to GPIO_0[10] -tag platfrom
set_location_assignment PIN_A6 -to GPIO_0[11] -tag platfrom
set_location_assignment PIN_A7 -to GPIO_0[12] -tag platfrom
set_location_assignment PIN_A8 -to GPIO_0[13] -tag platfrom
set_location_assignment PIN_A9 -to GPIO_0[14] -tag platfrom
set_location_assignment PIN_B8 -to GPIO_0[15] -tag platfrom
set_location_assignment PIN_B10 -to GPIO_0[16] -tag platfrom
set_location_assignment PIN_C9 -to GPIO_0[17] -tag platfrom
set_location_assignment PIN_H12 -to GPIO_0[18] -tag platfrom
set_location_assignment PIN_J11 -to GPIO_0[19] -tag platfrom
set_location_assignment PIN_E12 -to GPIO_0[20] -tag platfrom
set_location_assignment PIN_D13 -to GPIO_0[21] -tag platfrom
set_location_assignment PIN_D14 -to GPIO_0[22] -tag platfrom
set_location_assignment PIN_E13 -to GPIO_0[23] -tag platfrom
set_location_assignment PIN_A14 -to GPIO_0[24] -tag platfrom
set_location_assignment PIN_B14 -to GPIO_0[25] -tag platfrom
set_location_assignment PIN_C14 -to GPIO_0[26] -tag platfrom
set_location_assignment PIN_C13 -to GPIO_0[27] -tag platfrom
set_location_assignment PIN_H14 -to GPIO_0[28] -tag platfrom
set_location_assignment PIN_J13 -to GPIO_0[29] -tag platfrom
set_location_assignment PIN_D17 -to GPIO_0[30] -tag platfrom
set_location_assignment PIN_C17 -to GPIO_0[31] -tag platfrom
set_location_assignment PIN_E16 -to GPIO_0[32] -tag platfrom
set_location_assignment PIN_E15 -to GPIO_0[33] -tag platfrom
set_location_assignment PIN_K14 -to GPIO_0[34] -tag platfrom
set_location_assignment PIN_K15 -to GPIO_0[35] -tag platfrom
set_instance_assignment -name IO_STANDARD "3.3-V LVTTL" -to GPIO_0[0] -tag platfrom
set_instance_assignment -name IO_STANDARD "3.3-V LVTTL" -to GPIO_0[1] -tag platfrom
set_instance_assignment -name IO_STANDARD "3.3-V LVTTL" -to GPIO_0[2] -tag platfrom
set_instance_assignment -name IO_STANDARD "3.3-V LVTTL" -to GPIO_0[3] -tag platfrom
set_instance_assignment -name IO_STANDARD "3.3-V LVTTL" -to GPIO_0[4] -tag platfrom
set_instance_assignment -name IO_STANDARD "3.3-V LVTTL" -to GPIO_0[5] -tag platfrom
set_instance_assignment -name IO_STANDARD "3.3-V LVTTL" -to GPIO_0[6] -tag platfrom
set_instance_assignment -name IO_STANDARD "3.3-V LVTTL" -to GPIO_0[7] -tag platfrom
set_instance_assignment -name IO_STANDARD "3.3-V LVTTL" -to GPIO_0[8] -tag platfrom
set_instance_assignment -name IO_STANDARD "3.3-V LVTTL" -to GPIO_0[9] -tag platfrom
set_instance_assignment -name IO_STANDARD "3.3-V LVTTL" -to GPIO_0[10] -tag platfrom
set_instance_assignment -name IO_STANDARD "3.3-V LVTTL" -to GPIO_0[11] -tag platfrom
set_instance_assignment -name IO_STANDARD "3.3-V LVTTL" -to GPIO_0[12] -tag platfrom
set_instance_assignment -name IO_STANDARD "3.3-V LVTTL" -to GPIO_0[13] -tag platfrom
set_instance_assignment -name IO_STANDARD "3.3-V LVTTL" -to GPIO_0[14] -tag platfrom
set_instance_assignment -name IO_STANDARD "3.3-V LVTTL" -to GPIO_0[15] -tag platfrom
set_instance_assignment -name IO_STANDARD "3.3-V LVTTL" -to GPIO_0[16] -tag platfrom
set_instance_assignment -name IO_STANDARD "3.3-V LVTTL" -to GPIO_0[17] -tag platfrom
set_instance_assignment -name IO_STANDARD "3.3-V LVTTL" -to GPIO_0[18] -tag platfrom
set_instance_assignment -name IO_STANDARD "3.3-V LVTTL" -to GPIO_0[19] -tag platfrom
set_instance_assignment -name IO_STANDARD "3.3-V LVTTL" -to GPIO_0[20] -tag platfrom
set_instance_assignment -name IO_STANDARD "3.3-V LVTTL" -to GPIO_0[21] -tag platfrom
set_instance_assignment -name IO_STANDARD "3.3-V LVTTL" -to GPIO_0[22] -tag platfrom
set_instance_assignment -name IO_STANDARD "3.3-V LVTTL" -to GPIO_0[23] -tag platfrom
set_instance_assignment -name IO_STANDARD "3.3-V LVTTL" -to GPIO_0[24] -tag platfrom
set_instance_assignment -name IO_STANDARD "3.3-V LVTTL" -to GPIO_0[25] -tag platfrom
set_instance_assignment -name IO_STANDARD "3.3-V LVTTL" -to GPIO_0[26] -tag platfrom
set_instance_assignment -name IO_STANDARD "3.3-V LVTTL" -to GPIO_0[27] -tag platfrom
set_instance_assignment -name IO_STANDARD "3.3-V LVTTL" -to GPIO_0[28] -tag platfrom
set_instance_assignment -name IO_STANDARD "3.3-V LVTTL" -to GPIO_0[29] -tag platfrom
set_instance_assignment -name IO_STANDARD "3.3-V LVTTL" -to GPIO_0[30] -tag platfrom
set_instance_assignment -name IO_STANDARD "3.3-V LVTTL" -to GPIO_0[31] -tag platfrom
set_instance_assignment -name IO_STANDARD "3.3-V LVTTL" -to GPIO_0[32] -tag platfrom
set_instance_assignment -name IO_STANDARD "3.3-V LVTTL" -to GPIO_0[33] -tag platfrom
set_instance_assignment -name IO_STANDARD "3.3-V LVTTL" -to GPIO_0[34] -tag platfrom
set_instance_assignment -name IO_STANDARD "3.3-V LVTTL" -to GPIO_0[35] -tag platfrom

#GLOBAL SETTINGS
set_global_assignment -name OPTIMIZE_HOLD_TIMING "ALL PATHS" -tag platfrom
set_global_assignment -name OPTIMIZE_MULTI_CORNER_TIMING ON -tag platfrom
set_global_assignment -name FITTER_EFFORT "STANDARD FIT" -tag platfrom
set_global_assignment -name STRATIX_DEVICE_IO_STANDARD "2.5 V"
set_global_assignment -name IOBANK_VCCIO 3.3V -section_id 8 -tag platfrom
set_global_assignment -name IOBANK_VCCIO 3.3V -section_id 7 -tag platfrom
set_instance_assignment -name IO_STANDARD "3.3-V LVTTL" -to altera_reserved_tck -tag platfrom
set_instance_assignment -name IO_STANDARD "3.3-V LVTTL" -to altera_reserved_tdi -tag platfrom
set_instance_assignment -name IO_STANDARD "3.3-V LVTTL" -to altera_reserved_tdo -tag platfrom
set_instance_assignment -name IO_STANDARD "3.3-V LVTTL" -to altera_reserved_tms -tag platfrom
set_global_assignment -name USE_CONFIGURATION_DEVICE OFF
set_global_assignment -name CRC_ERROR_OPEN_DRAIN OFF
set_global_assignment -name ON_CHIP_BITSTREAM_DECOMPRESSION OFF
set_global_assignment -name OUTPUT_IO_TIMING_NEAR_END_VMEAS "HALF VCCIO" -rise
set_global_assignment -name OUTPUT_IO_TIMING_NEAR_END_VMEAS "HALF VCCIO" -fall
set_global_assignment -name OUTPUT_IO_TIMING_FAR_END_VMEAS "HALF SIGNAL SWING" -rise
set_global_assignment -name OUTPUT_IO_TIMING_FAR_END_VMEAS "HALF SIGNAL SWING" -fall

#OTHER SETTINGS

set_global_assignment -name QIP_FILE mi_nios/synthesis/mi_nios.qip
set_global_assignment -name SDC_FILE bemicro_m10_nios2_top.sdc
set_global_assignment -name VERILOG_FILE practica4.v
set_global_assignment -name SOURCE_FILE "BeMicro_MAX_10_-_ISSI_IS42S16400J-7TL.qprs"
set_global_assignment -name ENABLE_OCT_DONE ON
set_global_assignment -name INTERNAL_FLASH_UPDATE_MODE "SINGLE IMAGE WITH ERAM"
set_instance_assignment -name PARTITION_HIERARCHY root_partition -to | -section_id Top